
Microsoft Visual Studio Solution File, Format Version 12.00
# Visual Studio Version 17
VisualStudioVersion = 17.5.002.0
MinimumVisualStudioVersion = 10.0.40219.1
Project("{2150E333-8FDC-42A3-9474-1A3956D46DE8}") = "csharp-prep", "csharp-prep", "{D0825FB5-921A-47BB-8105-08A0A38CE971}"
EndProject
Project("{9A19103F-16F7-4668-BE54-9A1E7A4F7556}") = "Prep1", "csharp-prep\Prep1\Prep1.csproj", "{53432255-5E39-4CDE-AAE0-8473D9509A49}"
EndProject
Project("{9A19103F-16F7-4668-BE54-9A1E7A4F7556}") = "Prep2", "csharp-prep\Prep2\Prep2.csproj", "{5626121D-D46F-4040-ABFC-8B752BDFA50B}"
EndProject
Project("{9A19103F-16F7-4668-BE54-9A1E7A4F7556}") = "Prep3", "csharp-prep\Prep3\Prep3.csproj", "{14DAF0B4-2B96-48E9-BDCF-45D1136B36FB}"
EndProject
Project("{9A19103F-16F7-4668-BE54-9A1E7A4F7556}") = "Prep4", "csharp-prep\Prep4\Prep4.csproj", "{DDCA0D9F-CFC9-478F-AFB5-D24DA3EFF3BB}"
EndProject
Project("{9A19103F-16F7-4668-BE54-9A1E7A4F7556}") = "Prep5", "csharp-prep\Prep5\Prep5.csproj", "{62A2E4CE-F7D4-4A03-B200-DD7D3EBB7F47}"
EndProject
Project("{2150E333-8FDC-42A3-9474-1A3956D46DE8}") = "final", "final", "{59675FDC-8567-4362-A422-BFF4AFE2F21F}"
EndProject
Project("{9A19103F-16F7-4668-BE54-9A1E7A4F7556}") = "FinalProject", "final\FinalProject\FinalProject.csproj", "{FCE9F257-44D0-4AF1-AB6B-2BBA0390316D}"
EndProject
Project("{9A19103F-16F7-4668-BE54-9A1E7A4F7556}") = "Foundation1", "final\Foundation1\Foundation1.csproj", "{AA022507-2A8D-4C51-B3A5-E602D02B83DA}"
EndProject
Project("{9A19103F-16F7-4668-BE54-9A1E7A4F7556}") = "Foundation2", "final\Foundation2\Foundation2.csproj", "{96ED364B-9BF9-4F58-A65F-3CBCD5E4324D}"
EndProject
Project("{9A19103F-16F7-4668-BE54-9A1E7A4F7556}") = "Foundation3", "final\Foundation3\Foundation3.csproj", "{A5E9E900-D13D-4956-8A50-B45B69C7B5E2}"
EndProject
Project("{9A19103F-16F7-4668-BE54-9A1E7A4F7556}") = "Foundation4", "final\Foundation4\Foundation4.csproj", "{BF5067FC-79E2-487C-8C62-791DB360D883}"
EndProject
Project("{2150E333-8FDC-42A3-9474-1A3956D46DE8}") = "prepare", "prepare", "{3E2946D4-7D48-4593-9B7A-207C0886AFFD}"
EndProject
Project("{9A19103F-16F7-4668-BE54-9A1E7A4F7556}") = "Learning02", "prepare\Learning02\Learning02.csproj", "{947356C5-9E5A-4F56-A62B-7356CE85CEAD}"
EndProject
Project("{9A19103F-16F7-4668-BE54-9A1E7A4F7556}") = "Learning03", "prepare\Learning03\Learning03.csproj", "{E4504D9B-26AF-45FA-B626-5276DFF5B928}"
EndProject
Project("{9A19103F-16F7-4668-BE54-9A1E7A4F7556}") = "Learning04", "prepare\Learning04\Learning04.csproj", "{7653CEA3-0E51-4BD9-BAEB-CE1B3326D8AC}"
EndProject
Project("{9A19103F-16F7-4668-BE54-9A1E7A4F7556}") = "Learning05", "prepare\Learning05\Learning05.csproj", "{D8FAFCDD-0871-4689-86B8-88854A8558E9}"
EndProject
Project("{2150E333-8FDC-42A3-9474-1A3956D46DE8}") = "prove", "prove", "{5BB13171-4184-4D76-9917-AD6FEE8E791A}"
EndProject
Project("{9A19103F-16F7-4668-BE54-9A1E7A4F7556}") = "Develop02", "prove\Develop02\Develop02.csproj", "{668E337B-4461-48BD-B9C3-3F842AB1B1DF}"
EndProject
Project("{9A19103F-16F7-4668-BE54-9A1E7A4F7556}") = "Develop03", "prove\Develop03\Develop03.csproj", "{38BDBBAA-F2C4-41E7-9469-5D4A12B98C84}"
EndProject
Project("{9A19103F-16F7-4668-BE54-9A1E7A4F7556}") = "Develop04", "prove\Develop04\Develop04.csproj", "{67A15A2F-49B2-4411-91D0-5FF73C08D03C}"
EndProject
Project("{9A19103F-16F7-4668-BE54-9A1E7A4F7556}") = "Develop05", "prove\Develop05\Develop05.csproj", "{77900AE5-9BFB-4439-A26F-B094478BF920}"
EndProject
Project("{2150E333-8FDC-42A3-9474-1A3956D46DE8}") = "sandbox", "sandbox", "{CB863C54-D141-4289-85F8-E1FAE1D64CC2}"
EndProject
Project("{9A19103F-16F7-4668-BE54-9A1E7A4F7556}") = "Sandbox", "sandbox\Sandbox\Sandbox.csproj", "{8B9078A1-3CD4-4C01-889B-D643CD833CD7}"
EndProject
Global
	GlobalSection(SolutionConfigurationPlatforms) = preSolution
		Debug|Any CPU = Debug|Any CPU
		Release|Any CPU = Release|Any CPU
	EndGlobalSection
	GlobalSection(ProjectConfigurationPlatforms) = postSolution
		{53432255-5E39-4CDE-AAE0-8473D9509A49}.Debug|Any CPU.ActiveCfg = Debug|Any CPU
		{53432255-5E39-4CDE-AAE0-8473D9509A49}.Debug|Any CPU.Build.0 = Debug|Any CPU
		{53432255-5E39-4CDE-AAE0-8473D9509A49}.Release|Any CPU.ActiveCfg = Release|Any CPU
		{53432255-5E39-4CDE-AAE0-8473D9509A49}.Release|Any CPU.Build.0 = Release|Any CPU
		{5626121D-D46F-4040-ABFC-8B752BDFA50B}.Debug|Any CPU.ActiveCfg = Debug|Any CPU
		{5626121D-D46F-4040-ABFC-8B752BDFA50B}.Debug|Any CPU.Build.0 = Debug|Any CPU
		{5626121D-D46F-4040-ABFC-8B752BDFA50B}.Release|Any CPU.ActiveCfg = Release|Any CPU
		{5626121D-D46F-4040-ABFC-8B752BDFA50B}.Release|Any CPU.Build.0 = Release|Any CPU
		{14DAF0B4-2B96-48E9-BDCF-45D1136B36FB}.Debug|Any CPU.ActiveCfg = Debug|Any CPU
		{14DAF0B4-2B96-48E9-BDCF-45D1136B36FB}.Debug|Any CPU.Build.0 = Debug|Any CPU
		{14DAF0B4-2B96-48E9-BDCF-45D1136B36FB}.Release|Any CPU.ActiveCfg = Release|Any CPU
		{14DAF0B4-2B96-48E9-BDCF-45D1136B36FB}.Release|Any CPU.Build.0 = Release|Any CPU
		{DDCA0D9F-CFC9-478F-AFB5-D24DA3EFF3BB}.Debug|Any CPU.ActiveCfg = Debug|Any CPU
		{DDCA0D9F-CFC9-478F-AFB5-D24DA3EFF3BB}.Debug|Any CPU.Build.0 = Debug|Any CPU
		{DDCA0D9F-CFC9-478F-AFB5-D24DA3EFF3BB}.Release|Any CPU.ActiveCfg = Release|Any CPU
		{DDCA0D9F-CFC9-478F-AFB5-D24DA3EFF3BB}.Release|Any CPU.Build.0 = Release|Any CPU
		{62A2E4CE-F7D4-4A03-B200-DD7D3EBB7F47}.Debug|Any CPU.ActiveCfg = Debug|Any CPU
		{62A2E4CE-F7D4-4A03-B200-DD7D3EBB7F47}.Debug|Any CPU.Build.0 = Debug|Any CPU
		{62A2E4CE-F7D4-4A03-B200-DD7D3EBB7F47}.Release|Any CPU.ActiveCfg = Release|Any CPU
		{62A2E4CE-F7D4-4A03-B200-DD7D3EBB7F47}.Release|Any CPU.Build.0 = Release|Any CPU
		{FCE9F257-44D0-4AF1-AB6B-2BBA0390316D}.Debug|Any CPU.ActiveCfg = Debug|Any CPU
		{FCE9F257-44D0-4AF1-AB6B-2BBA0390316D}.Debug|Any CPU.Build.0 = Debug|Any CPU
		{FCE9F257-44D0-4AF1-AB6B-2BBA0390316D}.Release|Any CPU.ActiveCfg = Release|Any CPU
		{FCE9F257-44D0-4AF1-AB6B-2BBA0390316D}.Release|Any CPU.Build.0 = Release|Any CPU
		{AA022507-2A8D-4C51-B3A5-E602D02B83DA}.Debug|Any CPU.ActiveCfg = Debug|Any CPU
		{AA022507-2A8D-4C51-B3A5-E602D02B83DA}.Debug|Any CPU.Build.0 = Debug|Any CPU
		{AA022507-2A8D-4C51-B3A5-E602D02B83DA}.Release|Any CPU.ActiveCfg = Release|Any CPU
		{AA022507-2A8D-4C51-B3A5-E602D02B83DA}.Release|Any CPU.Build.0 = Release|Any CPU
		{96ED364B-9BF9-4F58-A65F-3CBCD5E4324D}.Debug|Any CPU.ActiveCfg = Debug|Any CPU
		{96ED364B-9BF9-4F58-A65F-3CBCD5E4324D}.Debug|Any CPU.Build.0 = Debug|Any CPU
		{96ED364B-9BF9-4F58-A65F-3CBCD5E4324D}.Release|Any CPU.ActiveCfg = Release|Any CPU
		{96ED364B-9BF9-4F58-A65F-3CBCD5E4324D}.Release|Any CPU.Build.0 = Release|Any CPU
		{A5E9E900-D13D-4956-8A50-B45B69C7B5E2}.Debug|Any CPU.ActiveCfg = Debug|Any CPU
		{A5E9E900-D13D-4956-8A50-B45B69C7B5E2}.Debug|Any CPU.Build.0 = Debug|Any CPU
		{A5E9E900-D13D-4956-8A50-B45B69C7B5E2}.Release|Any CPU.ActiveCfg = Release|Any CPU
		{A5E9E900-D13D-4956-8A50-B45B69C7B5E2}.Release|Any CPU.Build.0 = Release|Any CPU
		{BF5067FC-79E2-487C-8C62-791DB360D883}.Debug|Any CPU.ActiveCfg = Debug|Any CPU
		{BF5067FC-79E2-487C-8C62-791DB360D883}.Debug|Any CPU.Build.0 = Debug|Any CPU
		{BF5067FC-79E2-487C-8C62-791DB360D883}.Release|Any CPU.ActiveCfg = Release|Any CPU
		{BF5067FC-79E2-487C-8C62-791DB360D883}.Release|Any CPU.Build.0 = Release|Any CPU
		{947356C5-9E5A-4F56-A62B-7356CE85CEAD}.Debug|Any CPU.ActiveCfg = Debug|Any CPU
		{947356C5-9E5A-4F56-A62B-7356CE85CEAD}.Debug|Any CPU.Build.0 = Debug|Any CPU
		{947356C5-9E5A-4F56-A62B-7356CE85CEAD}.Release|Any CPU.ActiveCfg = Release|Any CPU
		{947356C5-9E5A-4F56-A62B-7356CE85CEAD}.Release|Any CPU.Build.0 = Release|Any CPU
		{E4504D9B-26AF-45FA-B626-5276DFF5B928}.Debug|Any CPU.ActiveCfg = Debug|Any CPU
		{E4504D9B-26AF-45FA-B626-5276DFF5B928}.Debug|Any CPU.Build.0 = Debug|Any CPU
		{E4504D9B-26AF-45FA-B626-5276DFF5B928}.Release|Any CPU.ActiveCfg = Release|Any CPU
		{E4504D9B-26AF-45FA-B626-5276DFF5B928}.Release|Any CPU.Build.0 = Release|Any CPU
		{7653CEA3-0E51-4BD9-BAEB-CE1B3326D8AC}.Debug|Any CPU.ActiveCfg = Debug|Any CPU
		{7653CEA3-0E51-4BD9-BAEB-CE1B3326D8AC}.Debug|Any CPU.Build.0 = Debug|Any CPU
		{7653CEA3-0E51-4BD9-BAEB-CE1B3326D8AC}.Release|Any CPU.ActiveCfg = Release|Any CPU
		{7653CEA3-0E51-4BD9-BAEB-CE1B3326D8AC}.Release|Any CPU.Build.0 = Release|Any CPU
		{D8FAFCDD-0871-4689-86B8-88854A8558E9}.Debug|Any CPU.ActiveCfg = Debug|Any CPU
		{D8FAFCDD-0871-4689-86B8-88854A8558E9}.Debug|Any CPU.Build.0 = Debug|Any CPU
		{D8FAFCDD-0871-4689-86B8-88854A8558E9}.Release|Any CPU.ActiveCfg = Release|Any CPU
		{D8FAFCDD-0871-4689-86B8-88854A8558E9}.Release|Any CPU.Build.0 = Release|Any CPU
		{668E337B-4461-48BD-B9C3-3F842AB1B1DF}.Debug|Any CPU.ActiveCfg = Debug|Any CPU
		{668E337B-4461-48BD-B9C3-3F842AB1B1DF}.Debug|Any CPU.Build.0 = Debug|Any CPU
		{668E337B-4461-48BD-B9C3-3F842AB1B1DF}.Release|Any CPU.ActiveCfg = Release|Any CPU
		{668E337B-4461-48BD-B9C3-3F842AB1B1DF}.Release|Any CPU.Build.0 = Release|Any CPU
		{38BDBBAA-F2C4-41E7-9469-5D4A12B98C84}.Debug|Any CPU.ActiveCfg = Debug|Any CPU
		{38BDBBAA-F2C4-41E7-9469-5D4A12B98C84}.Debug|Any CPU.Build.0 = Debug|Any CPU
		{38BDBBAA-F2C4-41E7-9469-5D4A12B98C84}.Release|Any CPU.ActiveCfg = Release|Any CPU
		{38BDBBAA-F2C4-41E7-9469-5D4A12B98C84}.Release|Any CPU.Build.0 = Release|Any CPU
		{67A15A2F-49B2-4411-91D0-5FF73C08D03C}.Debug|Any CPU.ActiveCfg = Debug|Any CPU
		{67A15A2F-49B2-4411-91D0-5FF73C08D03C}.Debug|Any CPU.Build.0 = Debug|Any CPU
		{67A15A2F-49B2-4411-91D0-5FF73C08D03C}.Release|Any CPU.ActiveCfg = Release|Any CPU
		{67A15A2F-49B2-4411-91D0-5FF73C08D03C}.Release|Any CPU.Build.0 = Release|Any CPU
		{77900AE5-9BFB-4439-A26F-B094478BF920}.Debug|Any CPU.ActiveCfg = Debug|Any CPU
		{77900AE5-9BFB-4439-A26F-B094478BF920}.Debug|Any CPU.Build.0 = Debug|Any CPU
		{77900AE5-9BFB-4439-A26F-B094478BF920}.Release|Any CPU.ActiveCfg = Release|Any CPU
		{77900AE5-9BFB-4439-A26F-B094478BF920}.Release|Any CPU.Build.0 = Release|Any CPU
		{8B9078A1-3CD4-4C01-889B-D643CD833CD7}.Debug|Any CPU.ActiveCfg = Debug|Any CPU
		{8B9078A1-3CD4-4C01-889B-D643CD833CD7}.Debug|Any CPU.Build.0 = Debug|Any CPU
		{8B9078A1-3CD4-4C01-889B-D643CD833CD7}.Release|Any CPU.ActiveCfg = Release|Any CPU
		{8B9078A1-3CD4-4C01-889B-D643CD833CD7}.Release|Any CPU.Build.0 = Release|Any CPU
	EndGlobalSection
	GlobalSection(SolutionProperties) = preSolution
		HideSolutionNode = FALSE
	EndGlobalSection
	GlobalSection(NestedProjects) = preSolution
		{53432255-5E39-4CDE-AAE0-8473D9509A49} = {D0825FB5-921A-47BB-8105-08A0A38CE971}
		{5626121D-D46F-4040-ABFC-8B752BDFA50B} = {D0825FB5-921A-47BB-8105-08A0A38CE971}
		{14DAF0B4-2B96-48E9-BDCF-45D1136B36FB} = {D0825FB5-921A-47BB-8105-08A0A38CE971}
		{DDCA0D9F-CFC9-478F-AFB5-D24DA3EFF3BB} = {D0825FB5-921A-47BB-8105-08A0A38CE971}
		{62A2E4CE-F7D4-4A03-B200-DD7D3EBB7F47} = {D0825FB5-921A-47BB-8105-08A0A38CE971}
		{FCE9F257-44D0-4AF1-AB6B-2BBA0390316D} = {59675FDC-8567-4362-A422-BFF4AFE2F21F}
		{AA022507-2A8D-4C51-B3A5-E602D02B83DA} = {59675FDC-8567-4362-A422-BFF4AFE2F21F}
		{96ED364B-9BF9-4F58-A65F-3CBCD5E4324D} = {59675FDC-8567-4362-A422-BFF4AFE2F21F}
		{A5E9E900-D13D-4956-8A50-B45B69C7B5E2} = {59675FDC-8567-4362-A422-BFF4AFE2F21F}
		{BF5067FC-79E2-487C-8C62-791DB360D883} = {59675FDC-8567-4362-A422-BFF4AFE2F21F}
		{947356C5-9E5A-4F56-A62B-7356CE85CEAD} = {3E2946D4-7D48-4593-9B7A-207C0886AFFD}
		{E4504D9B-26AF-45FA-B626-5276DFF5B928} = {3E2946D4-7D48-4593-9B7A-207C0886AFFD}
		{7653CEA3-0E51-4BD9-BAEB-CE1B3326D8AC} = {3E2946D4-7D48-4593-9B7A-207C0886AFFD}
		{D8FAFCDD-0871-4689-86B8-88854A8558E9} = {3E2946D4-7D48-4593-9B7A-207C0886AFFD}
		{668E337B-4461-48BD-B9C3-3F842AB1B1DF} = {5BB13171-4184-4D76-9917-AD6FEE8E791A}
		{38BDBBAA-F2C4-41E7-9469-5D4A12B98C84} = {5BB13171-4184-4D76-9917-AD6FEE8E791A}
		{67A15A2F-49B2-4411-91D0-5FF73C08D03C} = {5BB13171-4184-4D76-9917-AD6FEE8E791A}
		{77900AE5-9BFB-4439-A26F-B094478BF920} = {5BB13171-4184-4D76-9917-AD6FEE8E791A}
		{8B9078A1-3CD4-4C01-889B-D643CD833CD7} = {CB863C54-D141-4289-85F8-E1FAE1D64CC2}
	EndGlobalSection
	GlobalSection(ExtensibilityGlobals) = postSolution
		SolutionGuid = {A85C9AF7-C0DC-4C70-ADC8-FC1553E52149}
	EndGlobalSection
EndGlobal
