
Microsoft Visual Studio Solution File, Format Version 12.00
# Visual Studio Version 17
VisualStudioVersion = 17.5.002.0
MinimumVisualStudioVersion = 10.0.40219.1
Project("{9A19103F-16F7-4668-BE54-9A1E7A4F7556}") = "cse210demo", "cse210demo.csproj", "{BE4CFFED-E17B-4401-8738-FDE74866D02D}"
EndProject
Global
	GlobalSection(SolutionConfigurationPlatforms) = preSolution
		Debug|Any CPU = Debug|Any CPU
		Release|Any CPU = Release|Any CPU
	EndGlobalSection
	GlobalSection(ProjectConfigurationPlatforms) = postSolution
		{BE4CFFED-E17B-4401-8738-FDE74866D02D}.Debug|Any CPU.ActiveCfg = Debug|Any CPU
		{BE4CFFED-E17B-4401-8738-FDE74866D02D}.Debug|Any CPU.Build.0 = Debug|Any CPU
		{BE4CFFED-E17B-4401-8738-FDE74866D02D}.Release|Any CPU.ActiveCfg = Release|Any CPU
		{BE4CFFED-E17B-4401-8738-FDE74866D02D}.Release|Any CPU.Build.0 = Release|Any CPU
	EndGlobalSection
	GlobalSection(SolutionProperties) = preSolution
		HideSolutionNode = FALSE
	EndGlobalSection
	GlobalSection(ExtensibilityGlobals) = postSolution
		SolutionGuid = {4D133E18-D290-4228-AF9E-0251A47877CE}
	EndGlobalSection
EndGlobal
